{
  "version": "4",
  "specifiers": {
    "jsr:@hono/hono@*": "4.6.12",
    "jsr:@hono/hono@^4.6.12": "4.6.12",
    "npm:hono@^4.6.12": "4.6.12"
  },
  "jsr": {
    "@hono/hono@4.6.12": {
      "integrity": "fa0b97fa7c3292f0d9957109ac07a475fe485868795b71b8e3114c284152cdb5"
    }
  },
  "npm": {
    "hono@4.6.12": {
      "integrity": "sha512-eHtf4kSDNw6VVrdbd5IQi16r22m3s7mWPLd7xOMhg1a/Yyb1A0qpUFq8xYMX4FMuDe1nTKeMX5rTx7Nmw+a+Ag=="
    }
  },
  "workspace": {
    "dependencies": [
      "jsr:@hono/hono@^4.6.12",
      "npm:crypto-js@4.2.0"
    ],
    "packageJson": {
      "dependencies": [
        "npm:hono@^4.6.12"
      ]
    }
  }
}
